
Microsoft Visual Studio Solution File, Format Version 12.00
# Visual Studio Version 17
VisualStudioVersion = 17.4.33103.184
MinimumVisualStudioVersion = 10.0.40219.1
Project("{FAE04EC0-301F-11D3-BF4B-00C04F79EFBC}") = "JTViagens", "JTViagens.csproj", "{2969C91A-321A-4BCE-A092-063874F45A39}"
EndProject
Global
	GlobalSection(SolutionConfigurationPlatforms) = preSolution
		Debug|Any CPU = Debug|Any CPU
		Release|Any CPU = Release|Any CPU
	EndGlobalSection
	GlobalSection(ProjectConfigurationPlatforms) = postSolution
		{2969C91A-321A-4BCE-A092-063874F45A39}.Debug|Any CPU.ActiveCfg = Debug|Any CPU
		{2969C91A-321A-4BCE-A092-063874F45A39}.Debug|Any CPU.Build.0 = Debug|Any CPU
		{2969C91A-321A-4BCE-A092-063874F45A39}.Release|Any CPU.ActiveCfg = Release|Any CPU
		{2969C91A-321A-4BCE-A092-063874F45A39}.Release|Any CPU.Build.0 = Release|Any CPU
	EndGlobalSection
	GlobalSection(SolutionProperties) = preSolution
		HideSolutionNode = FALSE
	EndGlobalSection
	GlobalSection(ExtensibilityGlobals) = postSolution
		SolutionGuid = {868A04D1-EB8F-4FA0-88A5-2519FF4FC256}
	EndGlobalSection
EndGlobal
